
Microsoft Visual Studio Solution File, Format Version 12.00
# Visual Studio 14
VisualStudioVersion = 14.0.25420.1
MinimumVisualStudioVersion = 10.0.40219.1
Project("{8BC9CEB8-8B4A-11D0-8D11-00A0C91BC942}") = "d3d9", "d3d9\d3d9.vcxproj", "{BC854A36-A009-4773-B276-504B9077834E}"
	ProjectSection(ProjectDependencies) = postProject
		{16D5A9CC-DC6D-4A69-AAC6-BC3334517AA9} = {16D5A9CC-DC6D-4A69-AAC6-BC3334517AA9}
	EndProjectSection
EndProject
Project("{8BC9CEB8-8B4A-11D0-8D11-00A0C91BC942}") = "wined3dbridge", "bridge\wined3dbridge.vcxproj", "{16D5A9CC-DC6D-4A69-AAC6-BC3334517AA9}"
EndProject
Project("{8BC9CEB8-8B4A-11D0-8D11-00A0C91BC942}") = "d3d8", "d3d8\d3d8.vcxproj", "{11BF45B9-6DDE-4FB9-8EF6-A1ED245D3A47}"
EndProject
Project("{8BC9CEB8-8B4A-11D0-8D11-00A0C91BC942}") = "d3d10", "d3d10\d3d10.vcxproj", "{389EA36F-D27A-4454-8D43-BF0C9521B950}"
EndProject
Project("{8BC9CEB8-8B4A-11D0-8D11-00A0C91BC942}") = "d3d10core", "d3d10core\d3d10core.vcxproj", "{3EA00B95-D98C-468E-ADE4-8D839EC4AC03}"
EndProject
Project("{8BC9CEB8-8B4A-11D0-8D11-00A0C91BC942}") = "d3d11", "d3d11\d3d11.vcxproj", "{CB5881EA-98AD-40B3-A5E9-AF36B93BBB66}"
EndProject
Project("{8BC9CEB8-8B4A-11D0-8D11-00A0C91BC942}") = "dxgi", "dxgi\dxgi.vcxproj", "{9D933573-6CD1-496E-AF54-E8EC1AA785AC}"
EndProject
Global
	GlobalSection(SolutionConfigurationPlatforms) = preSolution
		Debug|x64 = Debug|x64
		Debug|x86 = Debug|x86
		Release|x64 = Release|x64
		Release|x86 = Release|x86
	EndGlobalSection
	GlobalSection(ProjectConfigurationPlatforms) = postSolution
		{BC854A36-A009-4773-B276-504B9077834E}.Debug|x64.ActiveCfg = Debug|x64
		{BC854A36-A009-4773-B276-504B9077834E}.Debug|x64.Build.0 = Debug|x64
		{BC854A36-A009-4773-B276-504B9077834E}.Debug|x86.ActiveCfg = Debug|Win32
		{BC854A36-A009-4773-B276-504B9077834E}.Debug|x86.Build.0 = Debug|Win32
		{BC854A36-A009-4773-B276-504B9077834E}.Release|x64.ActiveCfg = Release|x64
		{BC854A36-A009-4773-B276-504B9077834E}.Release|x64.Build.0 = Release|x64
		{BC854A36-A009-4773-B276-504B9077834E}.Release|x86.ActiveCfg = Release|Win32
		{BC854A36-A009-4773-B276-504B9077834E}.Release|x86.Build.0 = Release|Win32
		{16D5A9CC-DC6D-4A69-AAC6-BC3334517AA9}.Debug|x64.ActiveCfg = Debug|x64
		{16D5A9CC-DC6D-4A69-AAC6-BC3334517AA9}.Debug|x64.Build.0 = Debug|x64
		{16D5A9CC-DC6D-4A69-AAC6-BC3334517AA9}.Debug|x86.ActiveCfg = Debug|Win32
		{16D5A9CC-DC6D-4A69-AAC6-BC3334517AA9}.Debug|x86.Build.0 = Debug|Win32
		{16D5A9CC-DC6D-4A69-AAC6-BC3334517AA9}.Release|x64.ActiveCfg = Release|x64
		{16D5A9CC-DC6D-4A69-AAC6-BC3334517AA9}.Release|x64.Build.0 = Release|x64
		{16D5A9CC-DC6D-4A69-AAC6-BC3334517AA9}.Release|x86.ActiveCfg = Release|Win32
		{16D5A9CC-DC6D-4A69-AAC6-BC3334517AA9}.Release|x86.Build.0 = Release|Win32
		{11BF45B9-6DDE-4FB9-8EF6-A1ED245D3A47}.Debug|x64.ActiveCfg = Debug|x64
		{11BF45B9-6DDE-4FB9-8EF6-A1ED245D3A47}.Debug|x64.Build.0 = Debug|x64
		{11BF45B9-6DDE-4FB9-8EF6-A1ED245D3A47}.Debug|x86.ActiveCfg = Debug|Win32
		{11BF45B9-6DDE-4FB9-8EF6-A1ED245D3A47}.Debug|x86.Build.0 = Debug|Win32
		{11BF45B9-6DDE-4FB9-8EF6-A1ED245D3A47}.Release|x64.ActiveCfg = Release|x64
		{11BF45B9-6DDE-4FB9-8EF6-A1ED245D3A47}.Release|x64.Build.0 = Release|x64
		{11BF45B9-6DDE-4FB9-8EF6-A1ED245D3A47}.Release|x86.ActiveCfg = Release|Win32
		{11BF45B9-6DDE-4FB9-8EF6-A1ED245D3A47}.Release|x86.Build.0 = Release|Win32
		{389EA36F-D27A-4454-8D43-BF0C9521B950}.Debug|x64.ActiveCfg = Debug|x64
		{389EA36F-D27A-4454-8D43-BF0C9521B950}.Debug|x64.Build.0 = Debug|x64
		{389EA36F-D27A-4454-8D43-BF0C9521B950}.Debug|x86.ActiveCfg = Debug|Win32
		{389EA36F-D27A-4454-8D43-BF0C9521B950}.Debug|x86.Build.0 = Debug|Win32
		{389EA36F-D27A-4454-8D43-BF0C9521B950}.Release|x64.ActiveCfg = Release|x64
		{389EA36F-D27A-4454-8D43-BF0C9521B950}.Release|x64.Build.0 = Release|x64
		{389EA36F-D27A-4454-8D43-BF0C9521B950}.Release|x86.ActiveCfg = Release|Win32
		{389EA36F-D27A-4454-8D43-BF0C9521B950}.Release|x86.Build.0 = Release|Win32
		{3EA00B95-D98C-468E-ADE4-8D839EC4AC03}.Debug|x64.ActiveCfg = Debug|x64
		{3EA00B95-D98C-468E-ADE4-8D839EC4AC03}.Debug|x64.Build.0 = Debug|x64
		{3EA00B95-D98C-468E-ADE4-8D839EC4AC03}.Debug|x86.ActiveCfg = Debug|Win32
		{3EA00B95-D98C-468E-ADE4-8D839EC4AC03}.Debug|x86.Build.0 = Debug|Win32
		{3EA00B95-D98C-468E-ADE4-8D839EC4AC03}.Release|x64.ActiveCfg = Release|x64
		{3EA00B95-D98C-468E-ADE4-8D839EC4AC03}.Release|x64.Build.0 = Release|x64
		{3EA00B95-D98C-468E-ADE4-8D839EC4AC03}.Release|x86.ActiveCfg = Release|Win32
		{3EA00B95-D98C-468E-ADE4-8D839EC4AC03}.Release|x86.Build.0 = Release|Win32
		{CB5881EA-98AD-40B3-A5E9-AF36B93BBB66}.Debug|x64.ActiveCfg = Debug|x64
		{CB5881EA-98AD-40B3-A5E9-AF36B93BBB66}.Debug|x64.Build.0 = Debug|x64
		{CB5881EA-98AD-40B3-A5E9-AF36B93BBB66}.Debug|x86.ActiveCfg = Debug|Win32
		{CB5881EA-98AD-40B3-A5E9-AF36B93BBB66}.Debug|x86.Build.0 = Debug|Win32
		{CB5881EA-98AD-40B3-A5E9-AF36B93BBB66}.Release|x64.ActiveCfg = Release|x64
		{CB5881EA-98AD-40B3-A5E9-AF36B93BBB66}.Release|x64.Build.0 = Release|x64
		{CB5881EA-98AD-40B3-A5E9-AF36B93BBB66}.Release|x86.ActiveCfg = Release|Win32
		{CB5881EA-98AD-40B3-A5E9-AF36B93BBB66}.Release|x86.Build.0 = Release|Win32
		{9D933573-6CD1-496E-AF54-E8EC1AA785AC}.Debug|x64.ActiveCfg = Debug|x64
		{9D933573-6CD1-496E-AF54-E8EC1AA785AC}.Debug|x64.Build.0 = Debug|x64
		{9D933573-6CD1-496E-AF54-E8EC1AA785AC}.Debug|x86.ActiveCfg = Debug|Win32
		{9D933573-6CD1-496E-AF54-E8EC1AA785AC}.Debug|x86.Build.0 = Debug|Win32
		{9D933573-6CD1-496E-AF54-E8EC1AA785AC}.Release|x64.ActiveCfg = Release|x64
		{9D933573-6CD1-496E-AF54-E8EC1AA785AC}.Release|x64.Build.0 = Release|x64
		{9D933573-6CD1-496E-AF54-E8EC1AA785AC}.Release|x86.ActiveCfg = Release|Win32
		{9D933573-6CD1-496E-AF54-E8EC1AA785AC}.Release|x86.Build.0 = Release|Win32
	EndGlobalSection
	GlobalSection(SolutionProperties) = preSolution
		HideSolutionNode = FALSE
	EndGlobalSection
EndGlobal
